# This file was autogenerated by Stack.
# You should not edit this file by hand.
# For more information, please see the documentation at:
#   https://docs.haskellstack.org/en/stable/lock_files

packages:
- completed:
    hackage: hspec-2.9.2@sha256:03c074bcadf13bdb5fda795fcce9f83a9532685d084bb0a325fdd632c3655a76,1709
    pantry-tree:
      size: 583
      sha256: d57b65ada392a372ded96431955aaf7e531be6e1f67e91e1c0da4739e8803759
  original:
    hackage: hspec-2.9.2
- completed:
    hackage: QuickCheck-2.14.2@sha256:4ce29211223d5e6620ebceba34a3ca9ccf1c10c0cf387d48aea45599222ee5aa,7736
    pantry-tree:
      size: 2315
      sha256: 2fe423d0ed7cd64f0f165d708779f48814e66c4f181c568468134af55d86a5f8
  original:
    hackage: QuickCheck-2.14.2
- completed:
    hackage: hspec-core-2.9.2@sha256:5ceab250e27469d775154d4d331e41e5805b0aa18567f4792ecbf8de2ce33c63,5563
    pantry-tree:
      size: 5039
      sha256: ad108111d873637d1f8336cc00881dfc0a0e0403c9be67cf5809c555537a80cf
  original:
    hackage: hspec-core-2.9.2
- completed:
    hackage: hspec-discover-2.9.2@sha256:19d259b90dfaf71449fede71a0e850cf16b57493d74624ffddf8cd67bcec8032,2167
    pantry-tree:
      size: 828
      sha256: d29a38ad6ad188dd68c11bd799307ea950ab26ee0909ba50effb5629ab2f584d
  original:
    hackage: hspec-discover-2.9.2
- completed:
    hackage: hspec-expectations-0.8.2@sha256:e2db24881baadc2d9d23b03cb629e80dcbda89a6b04ace9adb5f4d02ef8b31aa,1594
    pantry-tree:
      size: 602
      sha256: cba2c119c85cf68a18d35cccb365d032359442c82ceb93b295020609712d791f
  original:
    hackage: hspec-expectations-0.8.2
- completed:
    hackage: HUnit-1.6.2.0@sha256:1a79174e8af616117ad39464cac9de205ca923da6582825e97c10786fda933a4,1588
    pantry-tree:
      size: 878
      sha256: 4f20a5a33866171260d0ee1e256c27f53cc84d37a68d498c3e12347f4e3d05b4
  original:
    hackage: HUnit-1.6.2.0
- completed:
    hackage: ansi-terminal-0.11.1@sha256:e8428fcd5fe9d4e8a796a0c8107b7288a0a93ffaa8d761cf51f803384284bd77,3321
    pantry-tree:
      size: 1461
      sha256: 766e3636d5d638f5c451b7384ca08907622ac7ecae643df75497b53f09c97ac2
  original:
    hackage: ansi-terminal-0.11.1
- completed:
    hackage: call-stack-0.4.0@sha256:ac44d2c00931dc20b01750da8c92ec443eb63a7231e8550188cb2ac2385f7feb,1200
    pantry-tree:
      size: 501
      sha256: 04134fa69cdd824b4e4bb7f77e7173e0705f27deabdbbf99549c549400191e1e
  original:
    hackage: call-stack-0.4.0
- completed:
    hackage: clock-0.8.2@sha256:473ffd59765cc67634bdc55b63c699a85addf3a024089073ec2a862881e83e2a,4313
    pantry-tree:
      size: 383
      sha256: 8c259cbab153b142020fcb1bd4ca787e0205b5faef6fa2457d83c5d726147a93
  original:
    hackage: clock-0.8.2
- completed:
    hackage: quickcheck-io-0.2.0@sha256:7bf0b68fb90873825eb2e5e958c1b76126dcf984debb998e81673e6d837e0b2d,1133
    pantry-tree:
      size: 223
      sha256: afaa27fbf8b35aa7ce174abd9c59a84a12fd7f3d08300c3280b22c1d204f11ca
  original:
    hackage: quickcheck-io-0.2.0
- completed:
    hackage: random-1.2.1@sha256:8bee24dc0c985a90ee78d94c61f8aed21c49633686f0f1c14c5078d818ee43a2,6598
    pantry-tree:
      size: 1528
      sha256: 8bdc994ce41f43624ab42302a881fe5a0f81d965f5d238841e24943664681a06
  original:
    hackage: random-1.2.1
- completed:
    hackage: setenv-0.1.1.3@sha256:c5916ac0d2a828473cd171261328a290afe0abd799db1ac8c310682fe778c45b,1053
    pantry-tree:
      size: 212
      sha256: 9a071cf2552e6881cd3ac0ce81252d5b96ac7f42cae517d973ea167e3d503265
  original:
    hackage: setenv-0.1.1.3
- completed:
    hackage: splitmix-0.1.0.4@sha256:714a55fd28d3e2533bd5b49e74f604ef8e5d7b06f249c8816f6c54aed431dcf1,6483
    pantry-tree:
      size: 1519
      sha256: 79f4645c11b7a3861db0b596297f72804f509444d639a8fd7c0162b1ed80c578
  original:
    hackage: splitmix-0.1.0.4
- completed:
    hackage: tf-random-0.5@sha256:14012837d0f0e18fdbbe3d56e67da8622ee5e20b180abce952dd50bd9f36b326,3983
    pantry-tree:
      size: 941
      sha256: d6483580cfea846cbf23ff1d7a67849546d5096425b6d61318a34554043b4ffb
  original:
    hackage: tf-random-0.5
- completed:
    hackage: colour-2.3.6@sha256:ebdcbf15023958838a527e381ab3c3b1e99ed12d1b25efeb7feaa4ad8c37664a,2378
    pantry-tree:
      size: 1183
      sha256: 03f8e22f364deb86098dbfbe0bf83c896437b2355f139abdac0402658fb6ac7e
  original:
    hackage: colour-2.3.6
- completed:
    hackage: primitive-0.7.3.0@sha256:6b28a1c0572f5ca50597ba8388aeade21515842969ae192cdc6bfca81367bf56,2951
    pantry-tree:
      size: 1655
      sha256: 4dd118201091c04a138a25e262ab61e8e64e811832eadd8b6b39d56504dfe045
  original:
    hackage: primitive-0.7.3.0
snapshots: []
